{
  "name": "cadence-skill-installer",
  "version": "0.2.42",
  "lockfileVersion": 3,
  "requires": true,
  "packages": {
    "": {
      "name": "cadence-skill-installer",
      "version": "0.2.42",
      "bin": {
        "cadence-install": "scripts/install-cadence-skill.mjs",
        "cadence-skill-installer": "scripts/install-cadence-skill.mjs"
      },
      "engines": {
        "node": ">=18.0.0"
      }
    }
  }
}
